
Microsoft Visual Studio Solution File, Format Version 12.00
# Visual Studio Version 17
VisualStudioVersion = 17.5.002.0
MinimumVisualStudioVersion = 10.0.40219.1
Project("{9A19103F-16F7-4668-BE54-9A1E7A4F7556}") = "DesafioProjetoHospedagem", "DesafioProjetoHospedagem.csproj", "{7E406BE1-6134-4F56-A255-BBAC3A9BC08E}"
EndProject
Global
	GlobalSection(SolutionConfigurationPlatforms) = preSolution
		Debug|Any CPU = Debug|Any CPU
		Release|Any CPU = Release|Any CPU
	EndGlobalSection
	GlobalSection(ProjectConfigurationPlatforms) = postSolution
		{7E406BE1-6134-4F56-A255-BBAC3A9BC08E}.Debug|Any CPU.ActiveCfg = Debug|Any CPU
		{7E406BE1-6134-4F56-A255-BBAC3A9BC08E}.Debug|Any CPU.Build.0 = Debug|Any CPU
		{7E406BE1-6134-4F56-A255-BBAC3A9BC08E}.Release|Any CPU.ActiveCfg = Release|Any CPU
		{7E406BE1-6134-4F56-A255-BBAC3A9BC08E}.Release|Any CPU.Build.0 = Release|Any CPU
	EndGlobalSection
	GlobalSection(SolutionProperties) = preSolution
		HideSolutionNode = FALSE
	EndGlobalSection
	GlobalSection(ExtensibilityGlobals) = postSolution
		SolutionGuid = {49634834-816F-4195-BAD0-24D64EA147CC}
	EndGlobalSection
EndGlobal
